# This file is autogenerated, do not edit; changes may be undone by the next 'dep ensure'.


[[projects]]
  digest = "1:25870183293a3fb61cc9afd060a61d63a486f091db72af01a8ea3449f5ca530d"
  name = "github.com/Masterminds/goutils"
  packages = ["."]
  pruneopts = "NUT"
  revision = "41ac8693c5c10a92ea1ff5ac3a7f95646f6123b0"
  version = "v1.1.0"

[[projects]]
  digest = "1:6440a098b56f4ec9b29ad8091a5d22f4d66e48c00d0b59c54cdc0f94b9d0afe1"
  name = "github.com/Shopify/ejson"
  packages = [
    ".",
    "crypto",
    "json",
  ]
  pruneopts = "NUT"
  revision = "0cc33e3391c6feeb146327d76d307566e144f21d"
  version = "v1.2.1"

[[projects]]
  branch = "master"
  digest = "1:f12358576cd79bba0ae626530d23cde63416744f486c8bc817802c6907eaadd7"
  name = "github.com/armon/go-metrics"
  packages = ["."]
  pruneopts = "NUT"
  revision = "f0300d1749da6fa982027e449ec0c7a145510c3c"

[[projects]]
  digest = "1:319be7951b73cbd2788a8d34be7cf9a6471b4fe1e30ca4db7e521713df1b4cd6"
  name = "github.com/aws/aws-sdk-go"
  packages = [
    "aws",
    "aws/awserr",
    "aws/awsutil",
    "aws/client",
    "aws/client/metadata",
    "aws/corehandlers",
    "aws/credentials",
    "aws/credentials/ec2rolecreds",
    "aws/credentials/endpointcreds",
    "aws/credentials/processcreds",
    "aws/credentials/stscreds",
    "aws/csm",
    "aws/defaults",
    "aws/ec2metadata",
    "aws/endpoints",
    "aws/request",
    "aws/session",
    "aws/signer/v4",
    "internal/ini",
    "internal/sdkio",
    "internal/sdkrand",
    "internal/sdkuri",
    "internal/shareddefaults",
    "private/protocol",
    "private/protocol/ec2query",
    "private/protocol/json/jsonutil",
    "private/protocol/jsonrpc",
    "private/protocol/query",
    "private/protocol/query/queryutil",
    "private/protocol/rest",
    "private/protocol/xml/xmlutil",
    "service/ec2",
    "service/kms",
    "service/ssm",
    "service/sts",
  ]
  pruneopts = "NUT"
  revision = "f2bb620afb315242706942e6ca4c7d26ee5ed627"
  version = "v1.17.9"

[[projects]]
  digest = "1:a12d94258c5298ead75e142e8001224bf029f302fed9e96cd39c0eaf90f3954d"
  name = "github.com/boltdb/bolt"
  packages = ["."]
  pruneopts = "NUT"
  revision = "2f1ce7a837dcb8da3ec595b1dac9d0632f0f99e8"
  version = "v1.3.1"

[[projects]]
  digest = "1:ffe9824d294da03b391f44e1ae8281281b4afc1bdaa9588c9097785e3af10cec"
  name = "github.com/davecgh/go-spew"
  packages = ["spew"]
  pruneopts = "NUT"
  revision = "8991bc29aa16c548c550c7ff78260e27b9ab7c73"
  version = "v1.1.1"

[[projects]]
  digest = "1:83c65120f4f8e429172fa29b128e63a398f0f24320fa38944022f8fa96502c06"
  name = "github.com/docker/libkv"
  packages = [
    ".",
    "store",
    "store/boltdb",
    "store/consul",
  ]
  pruneopts = "NUT"
  revision = "aabc039ad04deb721e234f99cd1b4aa28ac71a40"
  version = "v0.2.1"

[[projects]]
  branch = "master"
  digest = "1:18dada2e1f10aa5ac585b227710e2d4ac44958c83a1de3675f9579f419564666"
  name = "github.com/dustin/gojson"
  packages = ["."]
  pruneopts = "NUT"
  revision = "2e71ec9dd5adce3b168cd0dbde03b5cc04951c30"

[[projects]]
  branch = "master"
  digest = "1:a727fcc2698d180fc2b48fe97e1a2d02f4f7e958358cb7b81befa80406923348"
  name = "github.com/fullsailor/pkcs7"
  packages = ["."]
  pruneopts = "NUT"
  revision = "8306686428a5fe132eac8cb7c4848af725098bd4"

[[projects]]
  digest = "1:7f114b78210bf5b75f307fc97cff293633c835bab1e0ea8a744a44b39c042dfe"
  name = "github.com/golang/snappy"
  packages = ["."]
  pruneopts = "NUT"
  revision = "2a8bb927dd31d8daada140a5d09578521ce5c36a"
  version = "v0.0.1"

[[projects]]
  digest = "1:2e3c336fc7fde5c984d2841455a658a6d626450b1754a854b3b32e7a8f49a07a"
  name = "github.com/google/go-cmp"
  packages = [
    "cmp",
    "cmp/internal/diff",
    "cmp/internal/function",
    "cmp/internal/value",
  ]
  pruneopts = "NUT"
  revision = "3af367b6b30c263d47e8895973edcca9a49cf029"
  version = "v0.2.0"

[[projects]]
  digest = "1:ab3ec1fe3e39bac4b3ab63390767766622be35b7cab03f47f787f9ec60522a53"
  name = "github.com/google/uuid"
  packages = ["."]
  pruneopts = "NUT"
  revision = "0cd6bf5da1e1c83f8b45653022c74f71af0538a4"
  version = "v1.1.1"

[[projects]]
  digest = "1:05c973d076efe8b4ec653ab4ce5293fa6282c215250f854add2f554f2648c380"
  name = "github.com/gosimple/slug"
  packages = ["."]
  pruneopts = "NUT"
  revision = "42ac18c34c2c6f4843fa48167317dcaa9416d1e2"
  version = "v1.4.2"

[[projects]]
  digest = "1:191c7fb2346ca251d648a938b003c3e75cef5c055f086c8e8a0776649badd662"
  name = "github.com/gotestyourself/gotestyourself"
  packages = [
    "assert",
    "assert/cmp",
    "fs",
    "icmd",
    "internal/difflib",
    "internal/format",
    "internal/source",
    "x/subtest",
  ]
  pruneopts = "NUT"
  revision = "f2728c79a87095c99f7a496701a81d3eae9fe3df"
  version = "v1.4.0"

[[projects]]
  branch = "support-map-interface-keys"
  digest = "1:4ceab15049ee934853089fbc23a96d97493d6b3e043f0d4686e29085d037818e"
  name = "github.com/hairyhenderson/toml"
  packages = ["."]
  pruneopts = "NUT"
  revision = "d1df168234942b108d288625a58afe19791630bd"

[[projects]]
  digest = "1:eeda5c1da08e3b6e6dac8869c1cab16848bd7f80ccd08fad84fe7ae33df2345c"
  name = "github.com/hashicorp/consul"
  packages = ["api"]
  pruneopts = "NUT"
  revision = "c97c712e96e0e53308054d5e1180289fe02dce38"
  version = "v1.4.2"

[[projects]]
  digest = "1:f0d9d74edbd40fdeada436d5ac9cb5197407899af3fef85ff0137077ffe8ae19"
  name = "github.com/hashicorp/errwrap"
  packages = ["."]
  pruneopts = "NUT"
  revision = "8a6fb523712970c966eefc6b39ed2c5e74880354"
  version = "v1.0.0"

[[projects]]
  digest = "1:a5d940c38bf56f121721bfa747c66356df387cb9d5318c570c6d4170aab62862"
  name = "github.com/hashicorp/go-cleanhttp"
  packages = ["."]
  pruneopts = "NUT"
  revision = "e8ab9daed8d1ddd2d3c4efba338fe2eeae2e4f18"
  version = "v0.5.0"

[[projects]]
  digest = "1:1cf16b098a70d6c02899608abbb567296d11c7b830635014dfe6124a02dc1369"
  name = "github.com/hashicorp/go-immutable-radix"
  packages = ["."]
  pruneopts = "NUT"
  revision = "27df80928bb34bb1b0d6d0e01b9e679902e7a6b5"
  version = "v1.0.0"

[[projects]]
  digest = "1:2ed138049ab373f696db2081ca48f15c5abdf20893803612a284f2bdce2bf443"
  name = "github.com/hashicorp/go-multierror"
  packages = ["."]
  pruneopts = "NUT"
  revision = "886a7fbe3eb1c874d46f623bfa70af45f425b3d1"
  version = "v1.0.0"

[[projects]]
  digest = "1:6b405a8f146477e21c717a7848215ffeeb416d7670d07d2c2117bc88a071156b"
  name = "github.com/hashicorp/go-retryablehttp"
  packages = ["."]
  pruneopts = "NUT"
  revision = "73489d0a1476f0c9e6fb03f9c39241523a496dfd"
  version = "v0.5.2"

[[projects]]
  digest = "1:cdb5ce76cd7af19e3d2d5ba9b6458a2ee804f0d376711215dd3df5f51100d423"
  name = "github.com/hashicorp/go-rootcerts"
  packages = ["."]
  pruneopts = "NUT"
  revision = "63503fb4e1eca22f9ae0f90b49c5d5538a0e87eb"
  version = "v1.0.0"

[[projects]]
  branch = "master"
  digest = "1:18287c50542f2746b80357a151e096e781f8d5937f1393b38a023dfe86e1c40a"
  name = "github.com/hashicorp/go-sockaddr"
  packages = [
    ".",
    "template",
  ]
  pruneopts = "NUT"
  revision = "c7188e74f6acae5a989bdc959aa779f8b9f42faf"

[[projects]]
  digest = "1:67474f760e9ac3799f740db2c489e6423a4cde45520673ec123ac831ad849cb8"
  name = "github.com/hashicorp/golang-lru"
  packages = ["simplelru"]
  pruneopts = "NUT"
  revision = "7087cb70de9f7a8bc0a10c375cb0d2280a8edf9c"
  version = "v0.5.1"

[[projects]]
  digest = "1:39f543569bf189e228c84a294c50aca8ea56c82b3d9df5c9b788249907d7049a"
  name = "github.com/hashicorp/hcl"
  packages = [
    ".",
    "hcl/ast",
    "hcl/parser",
    "hcl/scanner",
    "hcl/strconv",
    "hcl/token",
    "json/parser",
    "json/scanner",
    "json/token",
  ]
  pruneopts = "NUT"
  revision = "8cb6e5b959231cc1119e43259c4a608f9c51a241"
  version = "v1.0.0"

[[projects]]
  digest = "1:acc81e4e4289587b257ccdfccbc6eaf16d4c2fb57dda73c6bb349bf50f02501f"
  name = "github.com/hashicorp/serf"
  packages = ["coordinate"]
  pruneopts = "NUT"
  revision = "b89a09ebd4b1b570e0076d5097272e67c10ac4f6"
  version = "v0.8.2"

[[projects]]
  digest = "1:dc8b504ab398bfdb0f085321c572465aec1def1a7e8f8ae6fe2b3309d7d9e30f"
  name = "github.com/hashicorp/vault"
  packages = [
    "api",
    "helper/compressutil",
    "helper/consts",
    "helper/hclutil",
    "helper/jsonutil",
    "helper/parseutil",
    "helper/strutil",
  ]
  pruneopts = "NUT"
  revision = "85909e3373aa743c34a6a0ab59131f61fd9e8e43"
  version = "v1.0.3"

[[projects]]
  digest = "1:406338ad39ab2e37b7f4452906442a3dbf0eb3379dd1f06aafb5c07e769a5fbb"
  name = "github.com/inconshreveable/mousetrap"
  packages = ["."]
  pruneopts = "NUT"
  revision = "76626ae9c91c4f2a10f34cad8ce83ea42c93bb75"
  version = "v1.0"

[[projects]]
  digest = "1:1f2aebae7e7c856562355ec0198d8ca2fa222fb05e5b1b66632a1fce39631885"
  name = "github.com/jmespath/go-jmespath"
  packages = ["."]
  pruneopts = "NUT"
  revision = "c2b33e84"

[[projects]]
  digest = "1:da62aa6632d04e080b8a8b85a59ed9ed1550842a0099a55f3ae3a20d02a3745a"
  name = "github.com/joho/godotenv"
  packages = ["."]
  pruneopts = "NUT"
  revision = "23d116af351c84513e1946b527c88823e476be13"
  version = "v1.3.0"

[[projects]]
  digest = "1:7b21c7fc5551b46d1308b4ffa9e9e49b66c7a8b0ba88c0130474b0e7a20d859f"
  name = "github.com/kr/pretty"
  packages = ["."]
  pruneopts = "NUT"
  revision = "73f6ac0b30a98e433b289500d779f50c1a6f0712"
  version = "v0.1.0"

[[projects]]
  digest = "1:c3a7836b5904db0f8b609595b619916a6831cb35b8b714aec39f96d00c6155d8"
  name = "github.com/kr/text"
  packages = ["."]
  pruneopts = "NUT"
  revision = "e2ffdb16a802fe2bb95e2e35ff34f0e53aeef34f"
  version = "v0.1.0"

[[projects]]
  digest = "1:f9f72e583aaacf1d1ac5d6121abd4afd3c690baa9e14e1d009df26bf831ba347"
  name = "github.com/mitchellh/go-homedir"
  packages = ["."]
  pruneopts = "NUT"
  revision = "af06845cf3004701891bf4fdb884bfe4920b3727"
  version = "v1.1.0"

[[projects]]
  digest = "1:a45ae66dea4c899d79fceb116accfa1892105c251f0dcd9a217ddc276b42ec68"
  name = "github.com/mitchellh/mapstructure"
  packages = ["."]
  pruneopts = "NUT"
  revision = "3536a929edddb9a5b34bd6861dc4a9647cb459fe"
  version = "v1.1.2"

[[projects]]
  digest = "1:ed0716cbfa65d10a68d062ecbf9fae082d78cdcbe18bc3acb44c42e52edb0f9a"
  name = "github.com/pierrec/lz4"
  packages = [
    ".",
    "internal/xxh32",
  ]
  pruneopts = "NUT"
  revision = "062282ea0dcff40c9fb8525789eef9644b1fbd6e"
  version = "v2.1.0"

[[projects]]
  digest = "1:14715f705ff5dfe0ffd6571d7d201dd8e921030f8070321a79380d8ca4ec1a24"
  name = "github.com/pkg/errors"
  packages = ["."]
  pruneopts = "NUT"
  revision = "ba968bfe8b2f7e042a574c888954fccecfa385b4"
  version = "v0.8.1"

[[projects]]
  digest = "1:0028cb19b2e4c3112225cd871870f2d9cf49b9b4276531f03438a88e94be86fe"
  name = "github.com/pmezard/go-difflib"
  packages = ["difflib"]
  pruneopts = "NUT"
  revision = "792786c7400a136282c1664665ae0a8db921c6c2"
  version = "v1.0.0"

[[projects]]
  branch = "master"
  digest = "1:16e2136a67ec44aa2d1d6b0fd65394b3c4a8b2a1b6730c77967f7b7b06b179b2"
  name = "github.com/rainycape/unidecode"
  packages = ["."]
  pruneopts = "NUT"
  revision = "cb7f23ec59bec0d61b19c56cd88cee3d0cc1870c"

[[projects]]
  digest = "1:09d61699d553a4e6ec998ad29816177b1f3d3ed0c18fe923d2c174ec065c99c8"
  name = "github.com/ryanuber/go-glob"
  packages = ["."]
  pruneopts = "NUT"
  revision = "51a8f68e6c24dc43f1e371749c89a267de4ebc53"
  version = "v1.0.0"

[[projects]]
  digest = "1:90cf76d709ce9b057e7d75bd245bf7c1242d21ba4f908fb22c7a2a96d1dcc0ca"
  name = "github.com/spf13/afero"
  packages = [
    ".",
    "mem",
  ]
  pruneopts = "NUT"
  revision = "f4711e4db9e9a1d3887343acb72b2bbfc2f686f5"
  version = "v1.2.1"

[[projects]]
  digest = "1:343d44e06621142ab09ae0c76c1799104cdfddd3ffb445d78b1adf8dc3ffaf3d"
  name = "github.com/spf13/cobra"
  packages = ["."]
  pruneopts = "NUT"
  revision = "ef82de70bb3f60c65fb8eebacbb2d122ef517385"
  version = "v0.0.3"

[[projects]]
  digest = "1:9d8420bbf131d1618bde6530af37c3799340d3762cc47210c1d9532a4c3a2779"
  name = "github.com/spf13/pflag"
  packages = ["."]
  pruneopts = "NUT"
  revision = "298182f68c66c05229eb03ac171abe6e309ee79a"
  version = "v1.0.3"

[[projects]]
  digest = "1:42e8c2456d7ec0f31e182c20022e74324c4da2cb3bd9069ff9b131fe33466308"
  name = "github.com/stretchr/testify"
  packages = ["assert"]
  pruneopts = "NUT"
  revision = "ffdc059bfe9ce6a4e144ba849dbedead332c6053"
  version = "v1.3.0"

[[projects]]
  digest = "1:1ebf6fbb6c7fe00eaa4eb105cfe035e67cd7a03c7962011c99d4d0ef5cdce7ab"
  name = "github.com/ugorji/go"
  packages = ["codec"]
  pruneopts = "NUT"
  revision = "8fd0f8d918c8f0b52d0af210a812ba882cc31a1e"
  version = "v1.1.2"

[[projects]]
  digest = "1:9e4f30fec20838825756c20b38935a711419c1b9d7cb2a7e98b77d4c80ac099f"
  name = "github.com/zealic/xignore"
  packages = ["."]
  pruneopts = "NUT"
  revision = "d72c65dd16ee9819723913f04e3438b08db3e447"
  version = "v0.3.3"

[[projects]]
  branch = "master"
  digest = "1:4419bb834eb714223ab5029e808cb38c74c158967a5a5e47f95d36c54751ae31"
  name = "golang.org/x/crypto"
  packages = [
    "bcrypt",
    "blowfish",
    "curve25519",
    "internal/subtle",
    "nacl/box",
    "nacl/secretbox",
    "pbkdf2",
    "poly1305",
    "salsa20/salsa",
  ]
  pruneopts = "NUT"
  revision = "8dd112bcdc25174059e45e07517d9fc663123347"

[[projects]]
  branch = "master"
  digest = "1:18108bc7e384e395b4805632a637405a3df71fa518e22f9b39b0c08b89a52b96"
  name = "golang.org/x/net"
  packages = [
    "http/httpguts",
    "http2",
    "http2/hpack",
    "idna",
  ]
  pruneopts = "NUT"
  revision = "16b79f2e4e95ea23b2bf9903c9809ff7b013ce85"

[[projects]]
  branch = "master"
  digest = "1:df1c009f04947d93faf4ead7c5bf593d450295f28341e1511f9ac41b39f167de"
  name = "golang.org/x/sys"
  packages = [
    "cpu",
    "unix",
  ]
  pruneopts = "NUT"
  revision = "d455e41777fca6e8a5a79e34a14b8368bc11d9ba"

[[projects]]
  digest = "1:e7071ed636b5422cc51c0e3a6cebc229d6c9fffc528814b519a980641422d619"
  name = "golang.org/x/text"
  packages = [
    "collate",
    "collate/build",
    "internal/colltab",
    "internal/gen",
    "internal/tag",
    "internal/triegen",
    "internal/ucd",
    "language",
    "secure/bidirule",
    "transform",
    "unicode/bidi",
    "unicode/cldr",
    "unicode/norm",
    "unicode/rangetable",
  ]
  pruneopts = "NUT"
  revision = "f21a4dfb5e38f5895301dc265a8def02365cc3d0"
  version = "v0.3.0"

[[projects]]
  branch = "master"
  digest = "1:9fdc2b55e8e0fafe4b41884091e51e77344f7dc511c5acedcfd98200003bff90"
  name = "golang.org/x/time"
  packages = ["rate"]
  pruneopts = "NUT"
  revision = "85acf8d2951cb2a3bde7632f9ff273ef0379bcbd"

[[projects]]
  branch = "v1"
  digest = "1:1ac47b19a2ad8287a4c6e91630355d63646c480c32f2bbee757a850dabe90bc8"
  name = "gopkg.in/check.v1"
  packages = ["."]
  pruneopts = "NUT"
  revision = "788fd78401277ebd861206a03c884797c6ec5541"

[[projects]]
  branch = "v2"
  digest = "1:c66b26c0ed873eadbb4021036b7f9deceeb4832db9edd2ee7a4e52ab99aed150"
  name = "gopkg.in/hairyhenderson/yaml.v2"
  packages = ["."]
  pruneopts = "NUT"
  revision = "252a03df762e6cc75ed23ccd28fed3c3bd19516f"

[solve-meta]
  analyzer-name = "dep"
  analyzer-version = 1
  input-imports = [
    "github.com/Masterminds/goutils",
    "github.com/Shopify/ejson",
    "github.com/Shopify/ejson/json",
    "github.com/aws/aws-sdk-go/aws",
    "github.com/aws/aws-sdk-go/aws/awserr",
    "github.com/aws/aws-sdk-go/aws/session",
    "github.com/aws/aws-sdk-go/service/ec2",
    "github.com/aws/aws-sdk-go/service/kms",
    "github.com/aws/aws-sdk-go/service/ssm",
    "github.com/aws/aws-sdk-go/service/sts",
    "github.com/boltdb/bolt",
    "github.com/docker/libkv",
    "github.com/docker/libkv/store",
    "github.com/docker/libkv/store/boltdb",
    "github.com/docker/libkv/store/consul",
    "github.com/fullsailor/pkcs7",
    "github.com/google/uuid",
    "github.com/gosimple/slug",
    "github.com/gotestyourself/gotestyourself/assert",
    "github.com/gotestyourself/gotestyourself/assert/cmp",
    "github.com/gotestyourself/gotestyourself/fs",
    "github.com/gotestyourself/gotestyourself/icmd",
    "github.com/hairyhenderson/toml",
    "github.com/hashicorp/consul/api",
    "github.com/hashicorp/go-sockaddr",
    "github.com/hashicorp/go-sockaddr/template",
    "github.com/hashicorp/vault/api",
    "github.com/joho/godotenv",
    "github.com/pkg/errors",
    "github.com/spf13/afero",
    "github.com/spf13/cobra",
    "github.com/stretchr/testify/assert",
    "github.com/ugorji/go/codec",
    "github.com/zealic/xignore",
    "golang.org/x/crypto/bcrypt",
    "golang.org/x/crypto/pbkdf2",
    "gopkg.in/check.v1",
    "gopkg.in/hairyhenderson/yaml.v2",
  ]
  solver-name = "gps-cdcl"
  solver-version = 1
