github.com/McShelby/hugo-theme-relearn v0.0.0-20231029175538-7ae1435626d7 h1:dQ2UVtAGY3OFJnDN02uac5bjpczbgJcmhXnHv0QifG0=
github.com/McShelby/hugo-theme-relearn v0.0.0-20231029175538-7ae1435626d7/go.mod h1:mKQQdxZNIlLvAj8X3tMq+RzntIJSr9z7XdzuMomt0IM=
github.com/McShelby/hugo-theme-relearn v0.0.0-20240217004058-fe7f9a8764e3 h1:fpEagigEo9/AvC+90KuNMaF8Z8+Lg2rnEK6K7Ee/2WU=
github.com/McShelby/hugo-theme-relearn v0.0.0-20240217004058-fe7f9a8764e3/go.mod h1:mKQQdxZNIlLvAj8X3tMq+RzntIJSr9z7XdzuMomt0IM=
github.com/McShelby/hugo-theme-relearn v0.0.0-20240407214931-4391760c8bc1 h1:/SWuiqok8gDIkmBizkUBp6c3Y87JocRaukkzSUEDu+8=
github.com/McShelby/hugo-theme-relearn v0.0.0-20240407214931-4391760c8bc1/go.mod h1:mKQQdxZNIlLvAj8X3tMq+RzntIJSr9z7XdzuMomt0IM=
